
Microsoft Visual Studio Solution File, Format Version 12.00
# Visual Studio 14
VisualStudioVersion = 14.0.24720.0
MinimumVisualStudioVersion = 10.0.40219.1
Project("{FAE04EC0-301F-11D3-BF4B-00C04F79EFBC}") = "Facturacion.Web", "Facturacion.Web\Facturacion.Web.csproj", "{948B4D66-180A-4E5D-A49B-F83F148330D7}"
EndProject
Project("{FAE04EC0-301F-11D3-BF4B-00C04F79EFBC}") = "Facturacion.Servicios", "Facturacion.Servicios\Facturacion.Servicios.csproj", "{FFE46F42-DDAC-4376-9B49-CDFBE009F732}"
EndProject
Project("{FAE04EC0-301F-11D3-BF4B-00C04F79EFBC}") = "Facturacion.Entidades", "Facturacion.Entidades\Facturacion.Entidades.csproj", "{71558BC7-9B28-4A97-AB8C-09A444F964E8}"
EndProject
Project("{FAE04EC0-301F-11D3-BF4B-00C04F79EFBC}") = "Facturacion.Utilitarios", "Facturacion.Utilitarios\Facturacion.Utilitarios.csproj", "{2338D7B0-BDA8-498D-8269-82CA7179D8F1}"
EndProject
Project("{FAE04EC0-301F-11D3-BF4B-00C04F79EFBC}") = "Facturacion.ServicioWindows", "Facturacion.ServicioWindows\Facturacion.ServicioWindows.csproj", "{7CDF1CDB-63AC-448B-BDE9-FC43E3B460BA}"
EndProject
Global
	GlobalSection(SolutionConfigurationPlatforms) = preSolution
		Debug|Any CPU = Debug|Any CPU
		Release|Any CPU = Release|Any CPU
	EndGlobalSection
	GlobalSection(ProjectConfigurationPlatforms) = postSolution
		{948B4D66-180A-4E5D-A49B-F83F148330D7}.Debug|Any CPU.ActiveCfg = Debug|Any CPU
		{948B4D66-180A-4E5D-A49B-F83F148330D7}.Debug|Any CPU.Build.0 = Debug|Any CPU
		{948B4D66-180A-4E5D-A49B-F83F148330D7}.Release|Any CPU.ActiveCfg = Release|Any CPU
		{948B4D66-180A-4E5D-A49B-F83F148330D7}.Release|Any CPU.Build.0 = Release|Any CPU
		{FFE46F42-DDAC-4376-9B49-CDFBE009F732}.Debug|Any CPU.ActiveCfg = Debug|Any CPU
		{FFE46F42-DDAC-4376-9B49-CDFBE009F732}.Debug|Any CPU.Build.0 = Debug|Any CPU
		{FFE46F42-DDAC-4376-9B49-CDFBE009F732}.Release|Any CPU.ActiveCfg = Release|Any CPU
		{FFE46F42-DDAC-4376-9B49-CDFBE009F732}.Release|Any CPU.Build.0 = Release|Any CPU
		{71558BC7-9B28-4A97-AB8C-09A444F964E8}.Debug|Any CPU.ActiveCfg = Debug|Any CPU
		{71558BC7-9B28-4A97-AB8C-09A444F964E8}.Debug|Any CPU.Build.0 = Debug|Any CPU
		{71558BC7-9B28-4A97-AB8C-09A444F964E8}.Release|Any CPU.ActiveCfg = Release|Any CPU
		{71558BC7-9B28-4A97-AB8C-09A444F964E8}.Release|Any CPU.Build.0 = Release|Any CPU
		{2338D7B0-BDA8-498D-8269-82CA7179D8F1}.Debug|Any CPU.ActiveCfg = Debug|Any CPU
		{2338D7B0-BDA8-498D-8269-82CA7179D8F1}.Debug|Any CPU.Build.0 = Debug|Any CPU
		{2338D7B0-BDA8-498D-8269-82CA7179D8F1}.Release|Any CPU.ActiveCfg = Release|Any CPU
		{2338D7B0-BDA8-498D-8269-82CA7179D8F1}.Release|Any CPU.Build.0 = Release|Any CPU
		{7CDF1CDB-63AC-448B-BDE9-FC43E3B460BA}.Debug|Any CPU.ActiveCfg = Debug|Any CPU
		{7CDF1CDB-63AC-448B-BDE9-FC43E3B460BA}.Debug|Any CPU.Build.0 = Debug|Any CPU
		{7CDF1CDB-63AC-448B-BDE9-FC43E3B460BA}.Release|Any CPU.ActiveCfg = Release|Any CPU
		{7CDF1CDB-63AC-448B-BDE9-FC43E3B460BA}.Release|Any CPU.Build.0 = Release|Any CPU
	EndGlobalSection
	GlobalSection(SolutionProperties) = preSolution
		HideSolutionNode = FALSE
	EndGlobalSection
EndGlobal
